
Microsoft Visual Studio Solution File, Format Version 12.00
# Visual Studio Version 17
VisualStudioVersion = 17.9.34728.123
MinimumVisualStudioVersion = 10.0.40219.1
Project("{FAE04EC0-301F-11D3-BF4B-00C04F79EFBC}") = "WindowsFormsTest", "WindowsFormsTest.csproj", "{456620D8-849E-4F23-9711-4000182A96D2}"
EndProject
Global
	GlobalSection(SolutionConfigurationPlatforms) = preSolution
		Debug|Any CPU = Debug|Any CPU
		Release|Any CPU = Release|Any CPU
	EndGlobalSection
	GlobalSection(ProjectConfigurationPlatforms) = postSolution
		{456620D8-849E-4F23-9711-4000182A96D2}.Debug|Any CPU.ActiveCfg = Debug|Any CPU
		{456620D8-849E-4F23-9711-4000182A96D2}.Debug|Any CPU.Build.0 = Debug|Any CPU
		{456620D8-849E-4F23-9711-4000182A96D2}.Release|Any CPU.ActiveCfg = Release|Any CPU
		{456620D8-849E-4F23-9711-4000182A96D2}.Release|Any CPU.Build.0 = Release|Any CPU
	EndGlobalSection
	GlobalSection(SolutionProperties) = preSolution
		HideSolutionNode = FALSE
	EndGlobalSection
	GlobalSection(ExtensibilityGlobals) = postSolution
		SolutionGuid = {F0EE2B40-A5B5-4E94-9CB4-9E8117C3DD52}
	EndGlobalSection
EndGlobal
